
Microsoft Visual Studio Solution File, Format Version 12.00
# Visual Studio Version 17
VisualStudioVersion = 17.12.35527.113 d17.12
MinimumVisualStudioVersion = 10.0.40219.1
Project("{FAE04EC0-301F-11D3-BF4B-00C04F79EFBC}") = "ElectronicTextbook.Core", "ElectronicTextbook.Core\ElectronicTextbook.Core.csproj", "{37CF7D7D-DB3C-4735-B73F-7BFC571FF0D4}"
EndProject
Project("{FAE04EC0-301F-11D3-BF4B-00C04F79EFBC}") = "ElectronicTextbook.Infrastructure", "ElectronicTextbook.Infrastructure\ElectronicTextbook.Infrastructure.csproj", "{30AC7625-8FEA-4F42-AFE2-109ED1FD0C62}"
EndProject
Project("{FAE04EC0-301F-11D3-BF4B-00C04F79EFBC}") = "ElectronicTextbook.Web", "ElectronicTextbook.Web\ElectronicTextbook.Web.csproj", "{7335F69F-7F4A-4C4E-98EC-F0770693C42D}"
EndProject
Global
	GlobalSection(SolutionConfigurationPlatforms) = preSolution
		Debug|Any CPU = Debug|Any CPU
		Release|Any CPU = Release|Any CPU
	EndGlobalSection
	GlobalSection(ProjectConfigurationPlatforms) = postSolution
		{37CF7D7D-DB3C-4735-B73F-7BFC571FF0D4}.Debug|Any CPU.ActiveCfg = Debug|Any CPU
		{37CF7D7D-DB3C-4735-B73F-7BFC571FF0D4}.Debug|Any CPU.Build.0 = Debug|Any CPU
		{37CF7D7D-DB3C-4735-B73F-7BFC571FF0D4}.Release|Any CPU.ActiveCfg = Release|Any CPU
		{37CF7D7D-DB3C-4735-B73F-7BFC571FF0D4}.Release|Any CPU.Build.0 = Release|Any CPU
		{30AC7625-8FEA-4F42-AFE2-109ED1FD0C62}.Debug|Any CPU.ActiveCfg = Debug|Any CPU
		{30AC7625-8FEA-4F42-AFE2-109ED1FD0C62}.Debug|Any CPU.Build.0 = Debug|Any CPU
		{30AC7625-8FEA-4F42-AFE2-109ED1FD0C62}.Release|Any CPU.ActiveCfg = Release|Any CPU
		{30AC7625-8FEA-4F42-AFE2-109ED1FD0C62}.Release|Any CPU.Build.0 = Release|Any CPU
		{7335F69F-7F4A-4C4E-98EC-F0770693C42D}.Debug|Any CPU.ActiveCfg = Debug|Any CPU
		{7335F69F-7F4A-4C4E-98EC-F0770693C42D}.Debug|Any CPU.Build.0 = Debug|Any CPU
		{7335F69F-7F4A-4C4E-98EC-F0770693C42D}.Release|Any CPU.ActiveCfg = Release|Any CPU
		{7335F69F-7F4A-4C4E-98EC-F0770693C42D}.Release|Any CPU.Build.0 = Release|Any CPU
	EndGlobalSection
	GlobalSection(SolutionProperties) = preSolution
		HideSolutionNode = FALSE
	EndGlobalSection
EndGlobal
